
Microsoft Visual Studio Solution File, Format Version 12.00
# Visual Studio Version 17
VisualStudioVersion = 17.4.33205.214
MinimumVisualStudioVersion = 10.0.40219.1
Project("{FAE04EC0-301F-11D3-BF4B-00C04F79EFBC}") = "EC2_1234567", "EC2_1234567\EC2_1234567.csproj", "{0883926E-8860-40E4-9464-8CE3907E190D}"
EndProject
Global
	GlobalSection(SolutionConfigurationPlatforms) = preSolution
		Debug|Any CPU = Debug|Any CPU
		Release|Any CPU = Release|Any CPU
	EndGlobalSection
	GlobalSection(ProjectConfigurationPlatforms) = postSolution
		{0883926E-8860-40E4-9464-8CE3907E190D}.Debug|Any CPU.ActiveCfg = Debug|Any CPU
		{0883926E-8860-40E4-9464-8CE3907E190D}.Debug|Any CPU.Build.0 = Debug|Any CPU
		{0883926E-8860-40E4-9464-8CE3907E190D}.Release|Any CPU.ActiveCfg = Release|Any CPU
		{0883926E-8860-40E4-9464-8CE3907E190D}.Release|Any CPU.Build.0 = Release|Any CPU
	EndGlobalSection
	GlobalSection(SolutionProperties) = preSolution
		HideSolutionNode = FALSE
	EndGlobalSection
	GlobalSection(ExtensibilityGlobals) = postSolution
		SolutionGuid = {67D44199-97ED-443D-B58C-BCE83FE0E8EF}
	EndGlobalSection
EndGlobal
